// !$*UTF8*$!
{
	archiveVersion = 1;
	classes = {
	};
	objectVersion = 50;
	objects = {

/* Begin PBXBuildFile section */
		A926EFA1256AD83600C804FF /* Location.swift in Sources */ = {isa = PBXBuildFile; fileRef = A926EFA0256AD83600C804FF /* Location.swift */; };
		A926EFA6256ADDC200C804FF /* LegalMoveView.swift in Sources */ = {isa = PBXBuildFile; fileRef = A926EFA5256ADDC200C804FF /* LegalMoveView.swift */; };
		A926EFAB256AE77300C804FF /* PieceColor.swift in Sources */ = {isa = PBXBuildFile; fileRef = A926EFAA256AE77300C804FF /* PieceColor.swift */; };
		A926EFBB256AE82500C804FF /* CheckerViewModel.swift in Sources */ = {isa = PBXBuildFile; fileRef = A926EFBA256AE82500C804FF /* CheckerViewModel.swift */; };
		A926EFCB256B10D200C804FF /* CheckerboardViewModel.swift in Sources */ = {isa = PBXBuildFile; fileRef = A926EFCA256B10D200C804FF /* CheckerboardViewModel.swift */; };
		A926EFD0256B17F600C804FF /* CheckerPattern.swift in Sources */ = {isa = PBXBuildFile; fileRef = A926EFCF256B17F600C804FF /* CheckerPattern.swift */; };
		A929B4FD2569593F0078078C /* ChessaApp.swift in Sources */ = {isa = PBXBuildFile; fileRef = A929B4FC2569593F0078078C /* ChessaApp.swift */; };
		A929B4FF2569593F0078078C /* ContentView.swift in Sources */ = {isa = PBXBuildFile; fileRef = A929B4FE2569593F0078078C /* ContentView.swift */; };
		A929B5012569593F0078078C /* Assets.xcassets in Resources */ = {isa = PBXBuildFile; fileRef = A929B5002569593F0078078C /* Assets.xcassets */; };
		A929B5042569593F0078078C /* Preview Assets.xcassets in Resources */ = {isa = PBXBuildFile; fileRef = A929B5032569593F0078078C /* Preview Assets.xcassets */; };
		A929B50F2569593F0078078C /* ChessaTests.swift in Sources */ = {isa = PBXBuildFile; fileRef = A929B50E2569593F0078078C /* ChessaTests.swift */; };
		A929B51A2569593F0078078C /* ChessaUITests.swift in Sources */ = {isa = PBXBuildFile; fileRef = A929B5192569593F0078078C /* ChessaUITests.swift */; };
		A929B52C256965960078078C /* CheckerboardView.swift in Sources */ = {isa = PBXBuildFile; fileRef = A929B52B256965960078078C /* CheckerboardView.swift */; };
		A929B541256977160078078C /* CheckerView.swift in Sources */ = {isa = PBXBuildFile; fileRef = A929B540256977160078078C /* CheckerView.swift */; };
/* End PBXBuildFile section */

/* Begin PBXContainerItemProxy section */
		A929B50B2569593F0078078C /* PBXContainerItemProxy */ = {
			isa = PBXContainerItemProxy;
			containerPortal = A929B4F12569593E0078078C /* Project object */;
			proxyType = 1;
			remoteGlobalIDString = A929B4F82569593E0078078C;
			remoteInfo = Chessa;
		};
		A929B5162569593F0078078C /* PBXContainerItemProxy */ = {
			isa = PBXContainerItemProxy;
			containerPortal = A929B4F12569593E0078078C /* Project object */;
			proxyType = 1;
			remoteGlobalIDString = A929B4F82569593E0078078C;
			remoteInfo = Chessa;
		};
/* End PBXContainerItemProxy section */

/* Begin PBXFileReference section */
		A926EFA0256AD83600C804FF /* Location.swift */ = {isa = PBXFileReference; lastKnownFileType = sourcecode.swift; path = Location.swift; sourceTree = "<group>"; };
		A926EFA5256ADDC200C804FF /* LegalMoveView.swift */ = {isa = PBXFileReference; lastKnownFileType = sourcecode.swift; path = LegalMoveView.swift; sourceTree = "<group>"; };
		A926EFAA256AE77300C804FF /* PieceColor.swift */ = {isa = PBXFileReference; lastKnownFileType = sourcecode.swift; path = PieceColor.swift; sourceTree = "<group>"; };
		A926EFBA256AE82500C804FF /* CheckerViewModel.swift */ = {isa = PBXFileReference; lastKnownFileType = sourcecode.swift; path = CheckerViewModel.swift; sourceTree = "<group>"; };
		A926EFCA256B10D200C804FF /* CheckerboardViewModel.swift */ = {isa = PBXFileReference; lastKnownFileType = sourcecode.swift; path = CheckerboardViewModel.swift; sourceTree = "<group>"; };
		A926EFCF256B17F600C804FF /* CheckerPattern.swift */ = {isa = PBXFileReference; lastKnownFileType = sourcecode.swift; path = CheckerPattern.swift; sourceTree = "<group>"; };
		A929B4F92569593F0078078C /* Chessa.app */ = {isa = PBXFileReference; explicitFileType = wrapper.application; includeInIndex = 0; path = Chessa.app; sourceTree = BUILT_PRODUCTS_DIR; };
		A929B4FC2569593F0078078C /* ChessaApp.swift */ = {isa = PBXFileReference; lastKnownFileType = sourcecode.swift; path = ChessaApp.swift; sourceTree = "<group>"; };
		A929B4FE2569593F0078078C /* ContentView.swift */ = {isa = PBXFileReference; lastKnownFileType = sourcecode.swift; path = ContentView.swift; sourceTree = "<group>"; };
		A929B5002569593F0078078C /* Assets.xcassets */ = {isa = PBXFileReference; lastKnownFileType = folder.assetcatalog; path = Assets.xcassets; sourceTree = "<group>"; };
		A929B5032569593F0078078C /* Preview Assets.xcassets */ = {isa = PBXFileReference; lastKnownFileType = folder.assetcatalog; path = "Preview Assets.xcassets"; sourceTree = "<group>"; };
		A929B5052569593F0078078C /* Info.plist */ = {isa = PBXFileReference; lastKnownFileType = text.plist.xml; path = Info.plist; sourceTree = "<group>"; };
		A929B50A2569593F0078078C /* ChessaTests.xctest */ = {isa = PBXFileReference; explicitFileType = wrapper.cfbundle; includeInIndex = 0; path = ChessaTests.xctest; sourceTree = BUILT_PRODUCTS_DIR; };
		A929B50E2569593F0078078C /* ChessaTests.swift */ = {isa = PBXFileReference; lastKnownFileType = sourcecode.swift; path = ChessaTests.swift; sourceTree = "<group>"; };
		A929B5102569593F0078078C /* Info.plist */ = {isa = PBXFileReference; lastKnownFileType = text.plist.xml; path = Info.plist; sourceTree = "<group>"; };
		A929B5152569593F0078078C /* ChessaUITests.xctest */ = {isa = PBXFileReference; explicitFileType = wrapper.cfbundle; includeInIndex = 0; path = ChessaUITests.xctest; sourceTree = BUILT_PRODUCTS_DIR; };
		A929B5192569593F0078078C /* ChessaUITests.swift */ = {isa = PBXFileReference; lastKnownFileType = sourcecode.swift; path = ChessaUITests.swift; sourceTree = "<group>"; };
		A929B51B2569593F0078078C /* Info.plist */ = {isa = PBXFileReference; lastKnownFileType = text.plist.xml; path = Info.plist; sourceTree = "<group>"; };
		A929B52B256965960078078C /* CheckerboardView.swift */ = {isa = PBXFileReference; lastKnownFileType = sourcecode.swift; path = CheckerboardView.swift; sourceTree = "<group>"; };
		A929B5332569699B0078078C /* Chessa.entitlements */ = {isa = PBXFileReference; lastKnownFileType = text.plist.entitlements; path = Chessa.entitlements; sourceTree = "<group>"; };
		A929B540256977160078078C /* CheckerView.swift */ = {isa = PBXFileReference; lastKnownFileType = sourcecode.swift; path = CheckerView.swift; sourceTree = "<group>"; };
/* End PBXFileReference section */

/* Begin PBXFrameworksBuildPhase section */
		A929B4F62569593E0078078C /* Frameworks */ = {
			isa = PBXFrameworksBuildPhase;
			buildActionMask = 2147483647;
			files = (
			);
			runOnlyForDeploymentPostprocessing = 0;
		};
		A929B5072569593F0078078C /* Frameworks */ = {
			isa = PBXFrameworksBuildPhase;
			buildActionMask = 2147483647;
			files = (
			);
			runOnlyForDeploymentPostprocessing = 0;
		};
		A929B5122569593F0078078C /* Frameworks */ = {
			isa = PBXFrameworksBuildPhase;
			buildActionMask = 2147483647;
			files = (
			);
			runOnlyForDeploymentPostprocessing = 0;
		};
/* End PBXFrameworksBuildPhase section */

/* Begin PBXGroup section */
		A926EFAF256AE7BD00C804FF /* view */ = {
			isa = PBXGroup;
			children = (
				A929B52B256965960078078C /* CheckerboardView.swift */,
				A926EFA5256ADDC200C804FF /* LegalMoveView.swift */,
				A929B540256977160078078C /* CheckerView.swift */,
				A926EFCF256B17F600C804FF /* CheckerPattern.swift */,
			);
			name = view;
			sourceTree = "<group>";
		};
		A926EFB0256AE7C300C804FF /* view model */ = {
			isa = PBXGroup;
			children = (
				A926EFBA256AE82500C804FF /* CheckerViewModel.swift */,
				A926EFCA256B10D200C804FF /* CheckerboardViewModel.swift */,
			);
			name = "view model";
			sourceTree = "<group>";
		};
		A926EFB1256AE7D200C804FF /* model */ = {
			isa = PBXGroup;
			children = (
				A926EFAA256AE77300C804FF /* PieceColor.swift */,
				A926EFA0256AD83600C804FF /* Location.swift */,
			);
			name = model;
			sourceTree = "<group>";
		};
		A929B4F02569593E0078078C = {
			isa = PBXGroup;
			children = (
				A929B4FB2569593F0078078C /* Chessa */,
				A929B50D2569593F0078078C /* ChessaTests */,
				A929B5182569593F0078078C /* ChessaUITests */,
				A929B4FA2569593F0078078C /* Products */,
			);
			sourceTree = "<group>";
		};
		A929B4FA2569593F0078078C /* Products */ = {
			isa = PBXGroup;
			children = (
				A929B4F92569593F0078078C /* Chessa.app */,
				A929B50A2569593F0078078C /* ChessaTests.xctest */,
				A929B5152569593F0078078C /* ChessaUITests.xctest */,
			);
			name = Products;
			sourceTree = "<group>";
		};
		A929B4FB2569593F0078078C /* Chessa */ = {
			isa = PBXGroup;
			children = (
				A929B5332569699B0078078C /* Chessa.entitlements */,
				A929B52A256965830078078C /* gui */,
				A929B4FC2569593F0078078C /* ChessaApp.swift */,
				A929B4FE2569593F0078078C /* ContentView.swift */,
				A929B5002569593F0078078C /* Assets.xcassets */,
				A929B5052569593F0078078C /* Info.plist */,
				A929B5022569593F0078078C /* Preview Content */,
			);
			path = Chessa;
			sourceTree = "<group>";
		};
		A929B5022569593F0078078C /* Preview Content */ = {
			isa = PBXGroup;
			children = (
				A929B5032569593F0078078C /* Preview Assets.xcassets */,
			);
			path = "Preview Content";
			sourceTree = "<group>";
		};
		A929B50D2569593F0078078C /* ChessaTests */ = {
			isa = PBXGroup;
			children = (
				A929B50E2569593F0078078C /* ChessaTests.swift */,
				A929B5102569593F0078078C /* Info.plist */,
			);
			path = ChessaTests;
			sourceTree = "<group>";
		};
		A929B5182569593F0078078C /* ChessaUITests */ = {
			isa = PBXGroup;
			children = (
				A929B5192569593F0078078C /* ChessaUITests.swift */,
				A929B51B2569593F0078078C /* Info.plist */,
			);
			path = ChessaUITests;
			sourceTree = "<group>";
		};
		A929B52A256965830078078C /* gui */ = {
			isa = PBXGroup;
			children = (
				A926EFB1256AE7D200C804FF /* model */,
				A926EFB0256AE7C300C804FF /* view model */,
				A926EFAF256AE7BD00C804FF /* view */,
			);
			name = gui;
			sourceTree = "<group>";
		};
/* End PBXGroup section */

/* Begin PBXNativeTarget section */
		A929B4F82569593E0078078C /* Chessa */ = {
			isa = PBXNativeTarget;
			buildConfigurationList = A929B51E2569593F0078078C /* Build configuration list for PBXNativeTarget "Chessa" */;
			buildPhases = (
				A929B4F52569593E0078078C /* Sources */,
				A929B4F62569593E0078078C /* Frameworks */,
				A929B4F72569593E0078078C /* Resources */,
			);
			buildRules = (
			);
			dependencies = (
			);
			name = Chessa;
			productName = Chessa;
			productReference = A929B4F92569593F0078078C /* Chessa.app */;
			productType = "com.apple.product-type.application";
		};
		A929B5092569593F0078078C /* ChessaTests */ = {
			isa = PBXNativeTarget;
			buildConfigurationList = A929B5212569593F0078078C /* Build configuration list for PBXNativeTarget "ChessaTests" */;
			buildPhases = (
				A929B5062569593F0078078C /* Sources */,
				A929B5072569593F0078078C /* Frameworks */,
				A929B5082569593F0078078C /* Resources */,
			);
			buildRules = (
			);
			dependencies = (
				A929B50C2569593F0078078C /* PBXTargetDependency */,
			);
			name = ChessaTests;
			productName = ChessaTests;
			productReference = A929B50A2569593F0078078C /* ChessaTests.xctest */;
			productType = "com.apple.product-type.bundle.unit-test";
		};
		A929B5142569593F0078078C /* ChessaUITests */ = {
			isa = PBXNativeTarget;
			buildConfigurationList = A929B5242569593F0078078C /* Build configuration list for PBXNativeTarget "ChessaUITests" */;
			buildPhases = (
				A929B5112569593F0078078C /* Sources */,
				A929B5122569593F0078078C /* Frameworks */,
				A929B5132569593F0078078C /* Resources */,
			);
			buildRules = (
			);
			dependencies = (
				A929B5172569593F0078078C /* PBXTargetDependency */,
			);
			name = ChessaUITests;
			productName = ChessaUITests;
			productReference = A929B5152569593F0078078C /* ChessaUITests.xctest */;
			productType = "com.apple.product-type.bundle.ui-testing";
		};
/* End PBXNativeTarget section */

/* Begin PBXProject section */
		A929B4F12569593E0078078C /* Project object */ = {
			isa = PBXProject;
			attributes = {
				LastSwiftUpdateCheck = 1220;
				LastUpgradeCheck = 1220;
				TargetAttributes = {
					A929B4F82569593E0078078C = {
						CreatedOnToolsVersion = 12.2;
					};
					A929B5092569593F0078078C = {
						CreatedOnToolsVersion = 12.2;
						TestTargetID = A929B4F82569593E0078078C;
					};
					A929B5142569593F0078078C = {
						CreatedOnToolsVersion = 12.2;
						TestTargetID = A929B4F82569593E0078078C;
					};
				};
			};
			buildConfigurationList = A929B4F42569593E0078078C /* Build configuration list for PBXProject "Chessa" */;
			compatibilityVersion = "Xcode 9.3";
			developmentRegion = en;
			hasScannedForEncodings = 0;
			knownRegions = (
				en,
				Base,
			);
			mainGroup = A929B4F02569593E0078078C;
			productRefGroup = A929B4FA2569593F0078078C /* Products */;
			projectDirPath = "";
			projectRoot = "";
			targets = (
				A929B4F82569593E0078078C /* Chessa */,
				A929B5092569593F0078078C /* ChessaTests */,
				A929B5142569593F0078078C /* ChessaUITests */,
			);
		};
/* End PBXProject section */

/* Begin PBXResourcesBuildPhase section */
		A929B4F72569593E0078078C /* Resources */ = {
			isa = PBXResourcesBuildPhase;
			buildActionMask = 2147483647;
			files = (
				A929B5042569593F0078078C /* Preview Assets.xcassets in Resources */,
				A929B5012569593F0078078C /* Assets.xcassets in Resources */,
			);
			runOnlyForDeploymentPostprocessing = 0;
		};
		A929B5082569593F0078078C /* Resources */ = {
			isa = PBXResourcesBuildPhase;
			buildActionMask = 2147483647;
			files = (
			);
			runOnlyForDeploymentPostprocessing = 0;
		};
		A929B5132569593F0078078C /* Resources */ = {
			isa = PBXResourcesBuildPhase;
			buildActionMask = 2147483647;
			files = (
			);
			runOnlyForDeploymentPostprocessing = 0;
		};
/* End PBXResourcesBuildPhase section */

/* Begin PBXSourcesBuildPhase section */
		A929B4F52569593E0078078C /* Sources */ = {
			isa = PBXSourcesBuildPhase;
			buildActionMask = 2147483647;
			files = (
				A926EFCB256B10D200C804FF /* CheckerboardViewModel.swift in Sources */,
				A926EFAB256AE77300C804FF /* PieceColor.swift in Sources */,
				A929B52C256965960078078C /* CheckerboardView.swift in Sources */,
				A926EFBB256AE82500C804FF /* CheckerViewModel.swift in Sources */,
				A929B541256977160078078C /* CheckerView.swift in Sources */,
				A926EFA1256AD83600C804FF /* Location.swift in Sources */,
				A929B4FF2569593F0078078C /* ContentView.swift in Sources */,
				A929B4FD2569593F0078078C /* ChessaApp.swift in Sources */,
				A926EFD0256B17F600C804FF /* CheckerPattern.swift in Sources */,
				A926EFA6256ADDC200C804FF /* LegalMoveView.swift in Sources */,
			);
			runOnlyForDeploymentPostprocessing = 0;
		};
		A929B5062569593F0078078C /* Sources */ = {
			isa = PBXSourcesBuildPhase;
			buildActionMask = 2147483647;
			files = (
				A929B50F2569593F0078078C /* ChessaTests.swift in Sources */,
			);
			runOnlyForDeploymentPostprocessing = 0;
		};
		A929B5112569593F0078078C /* Sources */ = {
			isa = PBXSourcesBuildPhase;
			buildActionMask = 2147483647;
			files = (
				A929B51A2569593F0078078C /* ChessaUITests.swift in Sources */,
			);
			runOnlyForDeploymentPostprocessing = 0;
		};
/* End PBXSourcesBuildPhase section */

/* Begin PBXTargetDependency section */
		A929B50C2569593F0078078C /* PBXTargetDependency */ = {
			isa = PBXTargetDependency;
			target = A929B4F82569593E0078078C /* Chessa */;
			targetProxy = A929B50B2569593F0078078C /* PBXContainerItemProxy */;
		};
		A929B5172569593F0078078C /* PBXTargetDependency */ = {
			isa = PBXTargetDependency;
			target = A929B4F82569593E0078078C /* Chessa */;
			targetProxy = A929B5162569593F0078078C /* PBXContainerItemProxy */;
		};
/* End PBXTargetDependency section */

/* Begin XCBuildConfiguration section */
		A929B51C2569593F0078078C /* Debug */ = {
			isa = XCBuildConfiguration;
			buildSettings = {
				ALWAYS_SEARCH_USER_PATHS = NO;
				CLANG_ANALYZER_NONNULL = YES;
				CLANG_ANALYZER_NUMBER_OBJECT_CONVERSION = YES_AGGRESSIVE;
				CLANG_CXX_LANGUAGE_STANDARD = "gnu++14";
				CLANG_CXX_LIBRARY = "libc++";
				CLANG_ENABLE_MODULES = YES;
				CLANG_ENABLE_OBJC_ARC = YES;
				CLANG_ENABLE_OBJC_WEAK = YES;
				CLANG_WARN_BLOCK_CAPTURE_AUTORELEASING = YES;
				CLANG_WARN_BOOL_CONVERSION = YES;
				CLANG_WARN_COMMA = YES;
				CLANG_WARN_CONSTANT_CONVERSION = YES;
				CLANG_WARN_DEPRECATED_OBJC_IMPLEMENTATIONS = YES;
				CLANG_WARN_DIRECT_OBJC_ISA_USAGE = YES_ERROR;
				CLANG_WARN_DOCUMENTATION_COMMENTS = YES;
				CLANG_WARN_EMPTY_BODY = YES;
				CLANG_WARN_ENUM_CONVERSION = YES;
				CLANG_WARN_INFINITE_RECURSION = YES;
				CLANG_WARN_INT_CONVERSION = YES;
				CLANG_WARN_NON_LITERAL_NULL_CONVERSION = YES;
				CLANG_WARN_OBJC_IMPLICIT_RETAIN_SELF = YES;
				CLANG_WARN_OBJC_LITERAL_CONVERSION = YES;
				CLANG_WARN_OBJC_ROOT_CLASS = YES_ERROR;
				CLANG_WARN_QUOTED_INCLUDE_IN_FRAMEWORK_HEADER = YES;
				CLANG_WARN_RANGE_LOOP_ANALYSIS = YES;
				CLANG_WARN_STRICT_PROTOTYPES = YES;
				CLANG_WARN_SUSPICIOUS_MOVE = YES;
				CLANG_WARN_UNGUARDED_AVAILABILITY = YES_AGGRESSIVE;
				CLANG_WARN_UNREACHABLE_CODE = YES;
				CLANG_WARN__DUPLICATE_METHOD_MATCH = YES;
				COPY_PHASE_STRIP = NO;
				DEBUG_INFORMATION_FORMAT = dwarf;
				ENABLE_STRICT_OBJC_MSGSEND = YES;
				ENABLE_TESTABILITY = YES;
				GCC_C_LANGUAGE_STANDARD = gnu11;
				GCC_DYNAMIC_NO_PIC = NO;
				GCC_NO_COMMON_BLOCKS = YES;
				GCC_OPTIMIZATION_LEVEL = 0;
				GCC_PREPROCESSOR_DEFINITIONS = (
					"DEBUG=1",
					"$(inherited)",
				);
				GCC_WARN_64_TO_32_BIT_CONVERSION = YES;
				GCC_WARN_ABOUT_RETURN_TYPE = YES_ERROR;
				GCC_WARN_UNDECLARED_SELECTOR = YES;
				GCC_WARN_UNINITIALIZED_AUTOS = YES_AGGRESSIVE;
				GCC_WARN_UNUSED_FUNCTION = YES;
				GCC_WARN_UNUSED_VARIABLE = YES;
				IPHONEOS_DEPLOYMENT_TARGET = 14.2;
				MTL_ENABLE_DEBUG_INFO = INCLUDE_SOURCE;
				MTL_FAST_MATH = YES;
				ONLY_ACTIVE_ARCH = YES;
				SDKROOT = iphoneos;
				SWIFT_ACTIVE_COMPILATION_CONDITIONS = DEBUG;
				SWIFT_OPTIMIZATION_LEVEL = "-Onone";
			};
			name = Debug;
		};
		A929B51D2569593F0078078C /* Release */ = {
			isa = XCBuildConfiguration;
			buildSettings = {
				ALWAYS_SEARCH_USER_PATHS = NO;
				CLANG_ANALYZER_NONNULL = YES;
				CLANG_ANALYZER_NUMBER_OBJECT_CONVERSION = YES_AGGRESSIVE;
				CLANG_CXX_LANGUAGE_STANDARD = "gnu++14";
				CLANG_CXX_LIBRARY = "libc++";
				CLANG_ENABLE_MODULES = YES;
				CLANG_ENABLE_OBJC_ARC = YES;
				CLANG_ENABLE_OBJC_WEAK = YES;
				CLANG_WARN_BLOCK_CAPTURE_AUTORELEASING = YES;
				CLANG_WARN_BOOL_CONVERSION = YES;
				CLANG_WARN_COMMA = YES;
				CLANG_WARN_CONSTANT_CONVERSION = YES;
				CLANG_WARN_DEPRECATED_OBJC_IMPLEMENTATIONS = YES;
				CLANG_WARN_DIRECT_OBJC_ISA_USAGE = YES_ERROR;
				CLANG_WARN_DOCUMENTATION_COMMENTS = YES;
				CLANG_WARN_EMPTY_BODY = YES;
				CLANG_WARN_ENUM_CONVERSION = YES;
				CLANG_WARN_INFINITE_RECURSION = YES;
				CLANG_WARN_INT_CONVERSION = YES;
				CLANG_WARN_NON_LITERAL_NULL_CONVERSION = YES;
				CLANG_WARN_OBJC_IMPLICIT_RETAIN_SELF = YES;
				CLANG_WARN_OBJC_LITERAL_CONVERSION = YES;
				CLANG_WARN_OBJC_ROOT_CLASS = YES_ERROR;
				CLANG_WARN_QUOTED_INCLUDE_IN_FRAMEWORK_HEADER = YES;
				CLANG_WARN_RANGE_LOOP_ANALYSIS = YES;
				CLANG_WARN_STRICT_PROTOTYPES = YES;
				CLANG_WARN_SUSPICIOUS_MOVE = YES;
				CLANG_WARN_UNGUARDED_AVAILABILITY = YES_AGGRESSIVE;
				CLANG_WARN_UNREACHABLE_CODE = YES;
				CLANG_WARN__DUPLICATE_METHOD_MATCH = YES;
				COPY_PHASE_STRIP = NO;
				DEBUG_INFORMATION_FORMAT = "dwarf-with-dsym";
				ENABLE_NS_ASSERTIONS = NO;
				ENABLE_STRICT_OBJC_MSGSEND = YES;
				GCC_C_LANGUAGE_STANDARD = gnu11;
				GCC_NO_COMMON_BLOCKS = YES;
				GCC_WARN_64_TO_32_BIT_CONVERSION = YES;
				GCC_WARN_ABOUT_RETURN_TYPE = YES_ERROR;
				GCC_WARN_UNDECLARED_SELECTOR = YES;
				GCC_WARN_UNINITIALIZED_AUTOS = YES_AGGRESSIVE;
				GCC_WARN_UNUSED_FUNCTION = YES;
				GCC_WARN_UNUSED_VARIABLE = YES;
				IPHONEOS_DEPLOYMENT_TARGET = 14.2;
				MTL_ENABLE_DEBUG_INFO = NO;
				MTL_FAST_MATH = YES;
				SDKROOT = iphoneos;
				SWIFT_COMPILATION_MODE = wholemodule;
				SWIFT_OPTIMIZATION_LEVEL = "-O";
				VALIDATE_PRODUCT = YES;
			};
			name = Release;
		};
		A929B51F2569593F0078078C /* Debug */ = {
			isa = XCBuildConfiguration;
			buildSettings = {
				ASSETCATALOG_COMPILER_APPICON_NAME = AppIcon;
				ASSETCATALOG_COMPILER_GLOBAL_ACCENT_COLOR_NAME = AccentColor;
				CODE_SIGN_ENTITLEMENTS = Chessa/Chessa.entitlements;
				CODE_SIGN_STYLE = Automatic;
				DEVELOPMENT_ASSET_PATHS = "\"Chessa/Preview Content\"";
				DEVELOPMENT_TEAM = XQDU65W28S;
				ENABLE_PREVIEWS = YES;
				INFOPLIST_FILE = Chessa/Info.plist;
				IPHONEOS_DEPLOYMENT_TARGET = 14.0;
				"IPHONEOS_DEPLOYMENT_TARGET[sdk=macosx*]" = 14.2;
				LD_RUNPATH_SEARCH_PATHS = (
					"$(inherited)",
					"@executable_path/Frameworks",
				);
				PRODUCT_BUNDLE_IDENTIFIER = chess.danmoore.Chessa;
				PRODUCT_NAME = "$(TARGET_NAME)";
				SUPPORTS_MACCATALYST = YES;
				SWIFT_VERSION = 5.0;
				TARGETED_DEVICE_FAMILY = "1,2,6";
			};
			name = Debug;
		};
		A929B5202569593F0078078C /* Release */ = {
			isa = XCBuildConfiguration;
			buildSettings = {
				ASSETCATALOG_COMPILER_APPICON_NAME = AppIcon;
				ASSETCATALOG_COMPILER_GLOBAL_ACCENT_COLOR_NAME = AccentColor;
				CODE_SIGN_ENTITLEMENTS = Chessa/Chessa.entitlements;
				CODE_SIGN_STYLE = Automatic;
				DEVELOPMENT_ASSET_PATHS = "\"Chessa/Preview Content\"";
				DEVELOPMENT_TEAM = XQDU65W28S;
				ENABLE_PREVIEWS = YES;
				INFOPLIST_FILE = Chessa/Info.plist;
				IPHONEOS_DEPLOYMENT_TARGET = 14.0;
				"IPHONEOS_DEPLOYMENT_TARGET[sdk=macosx*]" = 14.2;
				LD_RUNPATH_SEARCH_PATHS = (
					"$(inherited)",
					"@executable_path/Frameworks",
				);
				PRODUCT_BUNDLE_IDENTIFIER = chess.danmoore.Chessa;
				PRODUCT_NAME = "$(TARGET_NAME)";
				SUPPORTS_MACCATALYST = YES;
				SWIFT_VERSION = 5.0;
				TARGETED_DEVICE_FAMILY = "1,2,6";
			};
			name = Release;
		};
		A929B5222569593F0078078C /* Debug */ = {
			isa = XCBuildConfiguration;
			buildSettings = {
				ALWAYS_EMBED_SWIFT_STANDARD_LIBRARIES = YES;
				BUNDLE_LOADER = "$(TEST_HOST)";
				CODE_SIGN_STYLE = Automatic;
				DEVELOPMENT_TEAM = XQDU65W28S;
				INFOPLIST_FILE = ChessaTests/Info.plist;
				IPHONEOS_DEPLOYMENT_TARGET = 14.0;
				LD_RUNPATH_SEARCH_PATHS = (
					"$(inherited)",
					"@executable_path/Frameworks",
					"@loader_path/Frameworks",
				);
				PRODUCT_BUNDLE_IDENTIFIER = chess.danmoore.ChessaTests;
				PRODUCT_NAME = "$(TARGET_NAME)";
				SWIFT_VERSION = 5.0;
				TARGETED_DEVICE_FAMILY = "1,2";
				TEST_HOST = "$(BUILT_PRODUCTS_DIR)/Chessa.app/Chessa";
			};
			name = Debug;
		};
		A929B5232569593F0078078C /* Release */ = {
			isa = XCBuildConfiguration;
			buildSettings = {
				ALWAYS_EMBED_SWIFT_STANDARD_LIBRARIES = YES;
				BUNDLE_LOADER = "$(TEST_HOST)";
				CODE_SIGN_STYLE = Automatic;
				DEVELOPMENT_TEAM = XQDU65W28S;
				INFOPLIST_FILE = ChessaTests/Info.plist;
				IPHONEOS_DEPLOYMENT_TARGET = 14.0;
				LD_RUNPATH_SEARCH_PATHS = (
					"$(inherited)",
					"@executable_path/Frameworks",
					"@loader_path/Frameworks",
				);
				PRODUCT_BUNDLE_IDENTIFIER = chess.danmoore.ChessaTests;
				PRODUCT_NAME = "$(TARGET_NAME)";
				SWIFT_VERSION = 5.0;
				TARGETED_DEVICE_FAMILY = "1,2";
				TEST_HOST = "$(BUILT_PRODUCTS_DIR)/Chessa.app/Chessa";
			};
			name = Release;
		};
		A929B5252569593F0078078C /* Debug */ = {
			isa = XCBuildConfiguration;
			buildSettings = {
				ALWAYS_EMBED_SWIFT_STANDARD_LIBRARIES = YES;
				CODE_SIGN_STYLE = Automatic;
				DEVELOPMENT_TEAM = XQDU65W28S;
				INFOPLIST_FILE = ChessaUITests/Info.plist;
				LD_RUNPATH_SEARCH_PATHS = (
					"$(inherited)",
					"@executable_path/Frameworks",
					"@loader_path/Frameworks",
				);
				PRODUCT_BUNDLE_IDENTIFIER = chess.danmoore.ChessaUITests;
				PRODUCT_NAME = "$(TARGET_NAME)";
				SWIFT_VERSION = 5.0;
				TARGETED_DEVICE_FAMILY = "1,2";
				TEST_TARGET_NAME = Chessa;
			};
			name = Debug;
		};
		A929B5262569593F0078078C /* Release */ = {
			isa = XCBuildConfiguration;
			buildSettings = {
				ALWAYS_EMBED_SWIFT_STANDARD_LIBRARIES = YES;
				CODE_SIGN_STYLE = Automatic;
				DEVELOPMENT_TEAM = XQDU65W28S;
				INFOPLIST_FILE = ChessaUITests/Info.plist;
				LD_RUNPATH_SEARCH_PATHS = (
					"$(inherited)",
					"@executable_path/Frameworks",
					"@loader_path/Frameworks",
				);
				PRODUCT_BUNDLE_IDENTIFIER = chess.danmoore.ChessaUITests;
				PRODUCT_NAME = "$(TARGET_NAME)";
				SWIFT_VERSION = 5.0;
				TARGETED_DEVICE_FAMILY = "1,2";
				TEST_TARGET_NAME = Chessa;
			};
			name = Release;
		};
/* End XCBuildConfiguration section */

/* Begin XCConfigurationList section */
		A929B4F42569593E0078078C /* Build configuration list for PBXProject "Chessa" */ = {
			isa = XCConfigurationList;
			buildConfigurations = (
				A929B51C2569593F0078078C /* Debug */,
				A929B51D2569593F0078078C /* Release */,
			);
			defaultConfigurationIsVisible = 0;
			defaultConfigurationName = Release;
		};
		A929B51E2569593F0078078C /* Build configuration list for PBXNativeTarget "Chessa" */ = {
			isa = XCConfigurationList;
			buildConfigurations = (
				A929B51F2569593F0078078C /* Debug */,
				A929B5202569593F0078078C /* Release */,
			);
			defaultConfigurationIsVisible = 0;
			defaultConfigurationName = Release;
		};
		A929B5212569593F0078078C /* Build configuration list for PBXNativeTarget "ChessaTests" */ = {
			isa = XCConfigurationList;
			buildConfigurations = (
				A929B5222569593F0078078C /* Debug */,
				A929B5232569593F0078078C /* Release */,
			);
			defaultConfigurationIsVisible = 0;
			defaultConfigurationName = Release;
		};
		A929B5242569593F0078078C /* Build configuration list for PBXNativeTarget "ChessaUITests" */ = {
			isa = XCConfigurationList;
			buildConfigurations = (
				A929B5252569593F0078078C /* Debug */,
				A929B5262569593F0078078C /* Release */,
			);
			defaultConfigurationIsVisible = 0;
			defaultConfigurationName = Release;
		};
/* End XCConfigurationList section */
	};
	rootObject = A929B4F12569593E0078078C /* Project object */;
}
